// !$*UTF8*$!
{
	archiveVersion = 1;
	classes = {
	};
	objectVersion = 46;
	objects = {

/* Begin PBXBuildFile section */
		20BADFBE1BF2964A001EFE58 /* OpenGLES.framework in Frameworks */ = {isa = PBXBuildFile; fileRef = 20BADFBD1BF2964A001EFE58 /* OpenGLES.framework */; };
		20EDDDF81BF118CF00B1580B /* BufferUtils.cpp in Sources */ = {isa = PBXBuildFile; fileRef = 20EDDDE11BF118CF00B1580B /* BufferUtils.cpp */; };
		20EDDDF91BF118CF00B1580B /* Font.c in Sources */ = {isa = PBXBuildFile; fileRef = 20EDDDE31BF118CF00B1580B /* Font.c */; };
		20EDDDFA1BF118CF00B1580B /* gdx2d.c in Sources */ = {isa = PBXBuildFile; fileRef = 20EDDDE51BF118CF00B1580B /* gdx2d.c */; };
		20EDDDFB1BF118CF00B1580B /* IOSGraphics.cpp in Sources */ = {isa = PBXBuildFile; fileRef = 20EDDDEA1BF118CF00B1580B /* IOSGraphics.cpp */; };
		20EDDDFC1BF118CF00B1580B /* jpgd_c.cpp in Sources */ = {isa = PBXBuildFile; fileRef = 20EDDDEC1BF118CF00B1580B /* jpgd_c.cpp */; };
		20EDDDFD1BF118CF00B1580B /* jpgd.cpp in Sources */ = {isa = PBXBuildFile; fileRef = 20EDDDEE1BF118CF00B1580B /* jpgd.cpp */; };
		20EDDDFE1BF118CF00B1580B /* Matrix4.cpp in Sources */ = {isa = PBXBuildFile; fileRef = 20EDDDF11BF118CF00B1580B /* Matrix4.cpp */; };
		20EDDDFF1BF118CF00B1580B /* PixelMap.cpp in Sources */ = {isa = PBXBuildFile; fileRef = 20EDDDF31BF118CF00B1580B /* PixelMap.cpp */; };
/* End PBXBuildFile section */

/* Begin PBXCopyFilesBuildPhase section */
		20EDDDD31BF1188E00B1580B /* CopyFiles */ = {
			isa = PBXCopyFilesBuildPhase;
			buildActionMask = 2147483647;
			dstPath = "include/$(PRODUCT_NAME)";
			dstSubfolderSpec = 16;
			files = (
			);
			runOnlyForDeploymentPostprocessing = 0;
		};
/* End PBXCopyFilesBuildPhase section */

/* Begin PBXFileReference section */
		20BADFBD1BF2964A001EFE58 /* OpenGLES.framework */ = {isa = PBXFileReference; lastKnownFileType = wrapper.framework; name = OpenGLES.framework; path = System/Library/Frameworks/OpenGLES.framework; sourceTree = SDKROOT; };
		20EDDDD51BF1188E00B1580B /* libGameEngineCPlugins.a */ = {isa = PBXFileReference; explicitFileType = archive.ar; includeInIndex = 0; path = libGameEngineCPlugins.a; sourceTree = BUILT_PRODUCTS_DIR; };
		20EDDDE11BF118CF00B1580B /* BufferUtils.cpp */ = {isa = PBXFileReference; fileEncoding = 4; lastKnownFileType = sourcecode.cpp.cpp; name = BufferUtils.cpp; path = ../../Source/BufferUtils.cpp; sourceTree = "<group>"; };
		20EDDDE21BF118CF00B1580B /* BufferUtils.h */ = {isa = PBXFileReference; fileEncoding = 4; lastKnownFileType = sourcecode.c.h; name = BufferUtils.h; path = ../../Source/BufferUtils.h; sourceTree = "<group>"; };
		20EDDDE31BF118CF00B1580B /* Font.c */ = {isa = PBXFileReference; fileEncoding = 4; lastKnownFileType = sourcecode.c.c; name = Font.c; path = ../../Source/Font.c; sourceTree = "<group>"; };
		20EDDDE41BF118CF00B1580B /* Font.h */ = {isa = PBXFileReference; fileEncoding = 4; lastKnownFileType = sourcecode.c.h; name = Font.h; path = ../../Source/Font.h; sourceTree = "<group>"; };
		20EDDDE51BF118CF00B1580B /* gdx2d.c */ = {isa = PBXFileReference; fileEncoding = 4; lastKnownFileType = sourcecode.c.c; name = gdx2d.c; path = ../../Source/gdx2d.c; sourceTree = "<group>"; };
		20EDDDE61BF118CF00B1580B /* gdx2d.h */ = {isa = PBXFileReference; fileEncoding = 4; lastKnownFileType = sourcecode.c.h; name = gdx2d.h; path = ../../Source/gdx2d.h; sourceTree = "<group>"; };
		20EDDDEA1BF118CF00B1580B /* IOSGraphics.cpp */ = {isa = PBXFileReference; fileEncoding = 4; lastKnownFileType = sourcecode.cpp.cpp; name = IOSGraphics.cpp; path = ../../Source/IOSGraphics.cpp; sourceTree = "<group>"; };
		20EDDDEB1BF118CF00B1580B /* IOSGraphics.h */ = {isa = PBXFileReference; fileEncoding = 4; lastKnownFileType = sourcecode.c.h; name = IOSGraphics.h; path = ../../Source/IOSGraphics.h; sourceTree = "<group>"; };
		20EDDDEC1BF118CF00B1580B /* jpgd_c.cpp */ = {isa = PBXFileReference; fileEncoding = 4; lastKnownFileType = sourcecode.cpp.cpp; name = jpgd_c.cpp; path = ../../Source/jpgd_c.cpp; sourceTree = "<group>"; };
		20EDDDED1BF118CF00B1580B /* jpgd_c.h */ = {isa = PBXFileReference; fileEncoding = 4; lastKnownFileType = sourcecode.c.h; name = jpgd_c.h; path = ../../Source/jpgd_c.h; sourceTree = "<group>"; };
		20EDDDEE1BF118CF00B1580B /* jpgd.cpp */ = {isa = PBXFileReference; fileEncoding = 4; lastKnownFileType = sourcecode.cpp.cpp; name = jpgd.cpp; path = ../../Source/jpgd.cpp; sourceTree = "<group>"; };
		20EDDDEF1BF118CF00B1580B /* jpgd.h */ = {isa = PBXFileReference; fileEncoding = 4; lastKnownFileType = sourcecode.c.h; name = jpgd.h; path = ../../Source/jpgd.h; sourceTree = "<group>"; };
		20EDDDF11BF118CF00B1580B /* Matrix4.cpp */ = {isa = PBXFileReference; fileEncoding = 4; lastKnownFileType = sourcecode.cpp.cpp; name = Matrix4.cpp; path = ../../Source/Matrix4.cpp; sourceTree = "<group>"; };
		20EDDDF21BF118CF00B1580B /* Matrix4.h */ = {isa = PBXFileReference; fileEncoding = 4; lastKnownFileType = sourcecode.c.h; name = Matrix4.h; path = ../../Source/Matrix4.h; sourceTree = "<group>"; };
		20EDDDF31BF118CF00B1580B /* PixelMap.cpp */ = {isa = PBXFileReference; fileEncoding = 4; lastKnownFileType = sourcecode.cpp.cpp; name = PixelMap.cpp; path = ../../Source/PixelMap.cpp; sourceTree = "<group>"; };
		20EDDDF41BF118CF00B1580B /* PixelMap.h */ = {isa = PBXFileReference; fileEncoding = 4; lastKnownFileType = sourcecode.c.h; name = PixelMap.h; path = ../../Source/PixelMap.h; sourceTree = "<group>"; };
		20EDDDF51BF118CF00B1580B /* stb_image.h */ = {isa = PBXFileReference; fileEncoding = 4; lastKnownFileType = sourcecode.c.h; name = stb_image.h; path = ../../Source/stb_image.h; sourceTree = "<group>"; };
		20EDDDF61BF118CF00B1580B /* TestGdx2DPixmap.h */ = {isa = PBXFileReference; fileEncoding = 4; lastKnownFileType = sourcecode.c.h; name = TestGdx2DPixmap.h; path = ../../Source/TestGdx2DPixmap.h; sourceTree = "<group>"; };
		20EDDDF71BF118CF00B1580B /* TestPixmap.h */ = {isa = PBXFileReference; fileEncoding = 4; lastKnownFileType = sourcecode.c.h; name = TestPixmap.h; path = ../../Source/TestPixmap.h; sourceTree = "<group>"; };
		20EDDE011BF130A500B1580B /* jni_md.h */ = {isa = PBXFileReference; fileEncoding = 4; lastKnownFileType = sourcecode.c.h; name = jni_md.h; path = /Library/Java/JavaVirtualMachines/jdk1.7.0_79.jdk/Contents/Home/include/darwin/jni_md.h; sourceTree = "<absolute>"; };
		20EDDE301BF131AA00B1580B /* config */ = {isa = PBXFileReference; lastKnownFileType = folder; name = config; path = "../../../freetype-2.5.5/include/config"; sourceTree = "<group>"; };
		20EDDE311BF131AA00B1580B /* internal */ = {isa = PBXFileReference; lastKnownFileType = folder; name = internal; path = "../../../freetype-2.5.5/include/internal"; sourceTree = "<group>"; };
		23E21EDA1BFA9D5B003E003F /* ftconfig.h */ = {isa = PBXFileReference; fileEncoding = 4; lastKnownFileType = sourcecode.c.h; path = ftconfig.h; sourceTree = "<group>"; };
		23E21EDB1BFA9D5B003E003F /* ftheader.h */ = {isa = PBXFileReference; fileEncoding = 4; lastKnownFileType = sourcecode.c.h; path = ftheader.h; sourceTree = "<group>"; };
		23E21EDC1BFA9D5B003E003F /* ftmodule.h */ = {isa = PBXFileReference; fileEncoding = 4; lastKnownFileType = sourcecode.c.h; path = ftmodule.h; sourceTree = "<group>"; };
		23E21EDD1BFA9D5B003E003F /* ftoption.h */ = {isa = PBXFileReference; fileEncoding = 4; lastKnownFileType = sourcecode.c.h; path = ftoption.h; sourceTree = "<group>"; };
		23E21EDE1BFA9D5B003E003F /* ftstdlib.h */ = {isa = PBXFileReference; fileEncoding = 4; lastKnownFileType = sourcecode.c.h; path = ftstdlib.h; sourceTree = "<group>"; };
		23E21EDF1BFA9D5B003E003F /* freetype.h */ = {isa = PBXFileReference; fileEncoding = 4; lastKnownFileType = sourcecode.c.h; path = freetype.h; sourceTree = "<group>"; };
		23E21EE01BFA9D5B003E003F /* ft2build.h */ = {isa = PBXFileReference; fileEncoding = 4; lastKnownFileType = sourcecode.c.h; path = ft2build.h; sourceTree = "<group>"; };
		23E21EE11BFA9D5B003E003F /* ftadvanc.h */ = {isa = PBXFileReference; fileEncoding = 4; lastKnownFileType = sourcecode.c.h; path = ftadvanc.h; sourceTree = "<group>"; };
		23E21EE21BFA9D5B003E003F /* ftautoh.h */ = {isa = PBXFileReference; fileEncoding = 4; lastKnownFileType = sourcecode.c.h; path = ftautoh.h; sourceTree = "<group>"; };
		23E21EE31BFA9D5B003E003F /* ftbbox.h */ = {isa = PBXFileReference; fileEncoding = 4; lastKnownFileType = sourcecode.c.h; path = ftbbox.h; sourceTree = "<group>"; };
		23E21EE41BFA9D5B003E003F /* ftbdf.h */ = {isa = PBXFileReference; fileEncoding = 4; lastKnownFileType = sourcecode.c.h; path = ftbdf.h; sourceTree = "<group>"; };
		23E21EE51BFA9D5B003E003F /* ftbitmap.h */ = {isa = PBXFileReference; fileEncoding = 4; lastKnownFileType = sourcecode.c.h; path = ftbitmap.h; sourceTree = "<group>"; };
		23E21EE61BFA9D5B003E003F /* ftbzip2.h */ = {isa = PBXFileReference; fileEncoding = 4; lastKnownFileType = sourcecode.c.h; path = ftbzip2.h; sourceTree = "<group>"; };
		23E21EE71BFA9D5B003E003F /* ftcache.h */ = {isa = PBXFileReference; fileEncoding = 4; lastKnownFileType = sourcecode.c.h; path = ftcache.h; sourceTree = "<group>"; };
		23E21EE81BFA9D5B003E003F /* ftcffdrv.h */ = {isa = PBXFileReference; fileEncoding = 4; lastKnownFileType = sourcecode.c.h; path = ftcffdrv.h; sourceTree = "<group>"; };
		23E21EE91BFA9D5B003E003F /* ftchapters.h */ = {isa = PBXFileReference; fileEncoding = 4; lastKnownFileType = sourcecode.c.h; path = ftchapters.h; sourceTree = "<group>"; };
		23E21EEA1BFA9D5B003E003F /* ftcid.h */ = {isa = PBXFileReference; fileEncoding = 4; lastKnownFileType = sourcecode.c.h; path = ftcid.h; sourceTree = "<group>"; };
		23E21EEB1BFA9D5B003E003F /* fterrdef.h */ = {isa = PBXFileReference; fileEncoding = 4; lastKnownFileType = sourcecode.c.h; path = fterrdef.h; sourceTree = "<group>"; };
		23E21EEC1BFA9D5B003E003F /* fterrors.h */ = {isa = PBXFileReference; fileEncoding = 4; lastKnownFileType = sourcecode.c.h; path = fterrors.h; sourceTree = "<group>"; };
		23E21EED1BFA9D5B003E003F /* ftgasp.h */ = {isa = PBXFileReference; fileEncoding = 4; lastKnownFileType = sourcecode.c.h; path = ftgasp.h; sourceTree = "<group>"; };
		23E21EEE1BFA9D5B003E003F /* ftglyph.h */ = {isa = PBXFileReference; fileEncoding = 4; lastKnownFileType = sourcecode.c.h; path = ftglyph.h; sourceTree = "<group>"; };
		23E21EEF1BFA9D5B003E003F /* ftgxval.h */ = {isa = PBXFileReference; fileEncoding = 4; lastKnownFileType = sourcecode.c.h; path = ftgxval.h; sourceTree = "<group>"; };
		23E21EF01BFA9D5B003E003F /* ftgzip.h */ = {isa = PBXFileReference; fileEncoding = 4; lastKnownFileType = sourcecode.c.h; path = ftgzip.h; sourceTree = "<group>"; };
		23E21EF11BFA9D5B003E003F /* ftimage.h */ = {isa = PBXFileReference; fileEncoding = 4; lastKnownFileType = sourcecode.c.h; path = ftimage.h; sourceTree = "<group>"; };
		23E21EF21BFA9D5B003E003F /* ftincrem.h */ = {isa = PBXFileReference; fileEncoding = 4; lastKnownFileType = sourcecode.c.h; path = ftincrem.h; sourceTree = "<group>"; };
		23E21EF31BFA9D5B003E003F /* ftlcdfil.h */ = {isa = PBXFileReference; fileEncoding = 4; lastKnownFileType = sourcecode.c.h; path = ftlcdfil.h; sourceTree = "<group>"; };
		23E21EF41BFA9D5B003E003F /* ftlist.h */ = {isa = PBXFileReference; fileEncoding = 4; lastKnownFileType = sourcecode.c.h; path = ftlist.h; sourceTree = "<group>"; };
		23E21EF51BFA9D5B003E003F /* ftlzw.h */ = {isa = PBXFileReference; fileEncoding = 4; lastKnownFileType = sourcecode.c.h; path = ftlzw.h; sourceTree = "<group>"; };
		23E21EF61BFA9D5B003E003F /* ftmac.h */ = {isa = PBXFileReference; fileEncoding = 4; lastKnownFileType = sourcecode.c.h; path = ftmac.h; sourceTree = "<group>"; };
		23E21EF71BFA9D5B003E003F /* ftmm.h */ = {isa = PBXFileReference; fileEncoding = 4; lastKnownFileType = sourcecode.c.h; path = ftmm.h; sourceTree = "<group>"; };
		23E21EF81BFA9D5B003E003F /* ftmodapi.h */ = {isa = PBXFileReference; fileEncoding = 4; lastKnownFileType = sourcecode.c.h; path = ftmodapi.h; sourceTree = "<group>"; };
		23E21EF91BFA9D5B003E003F /* ftmoderr.h */ = {isa = PBXFileReference; fileEncoding = 4; lastKnownFileType = sourcecode.c.h; path = ftmoderr.h; sourceTree = "<group>"; };
		23E21EFA1BFA9D5B003E003F /* ftotval.h */ = {isa = PBXFileReference; fileEncoding = 4; lastKnownFileType = sourcecode.c.h; path = ftotval.h; sourceTree = "<group>"; };
		23E21EFB1BFA9D5B003E003F /* ftoutln.h */ = {isa = PBXFileReference; fileEncoding = 4; lastKnownFileType = sourcecode.c.h; path = ftoutln.h; sourceTree = "<group>"; };
		23E21EFC1BFA9D5B003E003F /* ftpfr.h */ = {isa = PBXFileReference; fileEncoding = 4; lastKnownFileType = sourcecode.c.h; path = ftpfr.h; sourceTree = "<group>"; };
		23E21EFD1BFA9D5B003E003F /* ftrender.h */ = {isa = PBXFileReference; fileEncoding = 4; lastKnownFileType = sourcecode.c.h; path = ftrender.h; sourceTree = "<group>"; };
		23E21EFE1BFA9D5B003E003F /* ftsizes.h */ = {isa = PBXFileReference; fileEncoding = 4; lastKnownFileType = sourcecode.c.h; path = ftsizes.h; sourceTree = "<group>"; };
		23E21EFF1BFA9D5B003E003F /* ftsnames.h */ = {isa = PBXFileReference; fileEncoding = 4; lastKnownFileType = sourcecode.c.h; path = ftsnames.h; sourceTree = "<group>"; };
		23E21F001BFA9D5B003E003F /* ftstroke.h */ = {isa = PBXFileReference; fileEncoding = 4; lastKnownFileType = sourcecode.c.h; path = ftstroke.h; sourceTree = "<group>"; };
		23E21F011BFA9D5B003E003F /* ftsynth.h */ = {isa = PBXFileReference; fileEncoding = 4; lastKnownFileType = sourcecode.c.h; path = ftsynth.h; sourceTree = "<group>"; };
		23E21F021BFA9D5B003E003F /* ftsystem.h */ = {isa = PBXFileReference; fileEncoding = 4; lastKnownFileType = sourcecode.c.h; path = ftsystem.h; sourceTree = "<group>"; };
		23E21F031BFA9D5B003E003F /* fttrigon.h */ = {isa = PBXFileReference; fileEncoding = 4; lastKnownFileType = sourcecode.c.h; path = fttrigon.h; sourceTree = "<group>"; };
		23E21F041BFA9D5B003E003F /* ftttdrv.h */ = {isa = PBXFileReference; fileEncoding = 4; lastKnownFileType = sourcecode.c.h; path = ftttdrv.h; sourceTree = "<group>"; };
		23E21F051BFA9D5B003E003F /* fttypes.h */ = {isa = PBXFileReference; fileEncoding = 4; lastKnownFileType = sourcecode.c.h; path = fttypes.h; sourceTree = "<group>"; };
		23E21F061BFA9D5B003E003F /* ftwinfnt.h */ = {isa = PBXFileReference; fileEncoding = 4; lastKnownFileType = sourcecode.c.h; path = ftwinfnt.h; sourceTree = "<group>"; };
		23E21F071BFA9D5B003E003F /* ftxf86.h */ = {isa = PBXFileReference; fileEncoding = 4; lastKnownFileType = sourcecode.c.h; path = ftxf86.h; sourceTree = "<group>"; };
		23E21F091BFA9D5B003E003F /* autohint.h */ = {isa = PBXFileReference; fileEncoding = 4; lastKnownFileType = sourcecode.c.h; path = autohint.h; sourceTree = "<group>"; };
		23E21F0A1BFA9D5B003E003F /* ftcalc.h */ = {isa = PBXFileReference; fileEncoding = 4; lastKnownFileType = sourcecode.c.h; path = ftcalc.h; sourceTree = "<group>"; };
		23E21F0B1BFA9D5B003E003F /* ftdebug.h */ = {isa = PBXFileReference; fileEncoding = 4; lastKnownFileType = sourcecode.c.h; path = ftdebug.h; sourceTree = "<group>"; };
		23E21F0C1BFA9D5B003E003F /* ftdriver.h */ = {isa = PBXFileReference; fileEncoding = 4; lastKnownFileType = sourcecode.c.h; path = ftdriver.h; sourceTree = "<group>"; };
		23E21F0D1BFA9D5B003E003F /* ftgloadr.h */ = {isa = PBXFileReference; fileEncoding = 4; lastKnownFileType = sourcecode.c.h; path = ftgloadr.h; sourceTree = "<group>"; };
		23E21F0E1BFA9D5B003E003F /* ftmemory.h */ = {isa = PBXFileReference; fileEncoding = 4; lastKnownFileType = sourcecode.c.h; path = ftmemory.h; sourceTree = "<group>"; };
		23E21F0F1BFA9D5B003E003F /* ftobjs.h */ = {isa = PBXFileReference; fileEncoding = 4; lastKnownFileType = sourcecode.c.h; path = ftobjs.h; sourceTree = "<group>"; };
		23E21F101BFA9D5B003E003F /* ftpic.h */ = {isa = PBXFileReference; fileEncoding = 4; lastKnownFileType = sourcecode.c.h; path = ftpic.h; sourceTree = "<group>"; };
		23E21F111BFA9D5B003E003F /* ftrfork.h */ = {isa = PBXFileReference; fileEncoding = 4; lastKnownFileType = sourcecode.c.h; path = ftrfork.h; sourceTree = "<group>"; };
		23E21F121BFA9D5B003E003F /* ftserv.h */ = {isa = PBXFileReference; fileEncoding = 4; lastKnownFileType = sourcecode.c.h; path = ftserv.h; sourceTree = "<group>"; };
		23E21F131BFA9D5B003E003F /* ftstream.h */ = {isa = PBXFileReference; fileEncoding = 4; lastKnownFileType = sourcecode.c.h; path = ftstream.h; sourceTree = "<group>"; };
		23E21F141BFA9D5B003E003F /* fttrace.h */ = {isa = PBXFileReference; fileEncoding = 4; lastKnownFileType = sourcecode.c.h; path = fttrace.h; sourceTree = "<group>"; };
		23E21F151BFA9D5B003E003F /* ftvalid.h */ = {isa = PBXFileReference; fileEncoding = 4; lastKnownFileType = sourcecode.c.h; path = ftvalid.h; sourceTree = "<group>"; };
		23E21F161BFA9D5B003E003F /* internal.h */ = {isa = PBXFileReference; fileEncoding = 4; lastKnownFileType = sourcecode.c.h; path = internal.h; sourceTree = "<group>"; };
		23E21F171BFA9D5B003E003F /* psaux.h */ = {isa = PBXFileReference; fileEncoding = 4; lastKnownFileType = sourcecode.c.h; path = psaux.h; sourceTree = "<group>"; };
		23E21F181BFA9D5B003E003F /* pshints.h */ = {isa = PBXFileReference; fileEncoding = 4; lastKnownFileType = sourcecode.c.h; path = pshints.h; sourceTree = "<group>"; };
		23E21F1A1BFA9D5B003E003F /* svbdf.h */ = {isa = PBXFileReference; fileEncoding = 4; lastKnownFileType = sourcecode.c.h; path = svbdf.h; sourceTree = "<group>"; };
		23E21F1B1BFA9D5B003E003F /* svcid.h */ = {isa = PBXFileReference; fileEncoding = 4; lastKnownFileType = sourcecode.c.h; path = svcid.h; sourceTree = "<group>"; };
		23E21F1C1BFA9D5B003E003F /* svgldict.h */ = {isa = PBXFileReference; fileEncoding = 4; lastKnownFileType = sourcecode.c.h; path = svgldict.h; sourceTree = "<group>"; };
		23E21F1D1BFA9D5B003E003F /* svgxval.h */ = {isa = PBXFileReference; fileEncoding = 4; lastKnownFileType = sourcecode.c.h; path = svgxval.h; sourceTree = "<group>"; };
		23E21F1E1BFA9D5B003E003F /* svkern.h */ = {isa = PBXFileReference; fileEncoding = 4; lastKnownFileType = sourcecode.c.h; path = svkern.h; sourceTree = "<group>"; };
		23E21F1F1BFA9D5B003E003F /* svmm.h */ = {isa = PBXFileReference; fileEncoding = 4; lastKnownFileType = sourcecode.c.h; path = svmm.h; sourceTree = "<group>"; };
		23E21F201BFA9D5B003E003F /* svotval.h */ = {isa = PBXFileReference; fileEncoding = 4; lastKnownFileType = sourcecode.c.h; path = svotval.h; sourceTree = "<group>"; };
		23E21F211BFA9D5B003E003F /* svpfr.h */ = {isa = PBXFileReference; fileEncoding = 4; lastKnownFileType = sourcecode.c.h; path = svpfr.h; sourceTree = "<group>"; };
		23E21F221BFA9D5B003E003F /* svpostnm.h */ = {isa = PBXFileReference; fileEncoding = 4; lastKnownFileType = sourcecode.c.h; path = svpostnm.h; sourceTree = "<group>"; };
		23E21F231BFA9D5B003E003F /* svprop.h */ = {isa = PBXFileReference; fileEncoding = 4; lastKnownFileType = sourcecode.c.h; path = svprop.h; sourceTree = "<group>"; };
		23E21F241BFA9D5B003E003F /* svpscmap.h */ = {isa = PBXFileReference; fileEncoding = 4; lastKnownFileType = sourcecode.c.h; path = svpscmap.h; sourceTree = "<group>"; };
		23E21F251BFA9D5B003E003F /* svpsinfo.h */ = {isa = PBXFileReference; fileEncoding = 4; lastKnownFileType = sourcecode.c.h; path = svpsinfo.h; sourceTree = "<group>"; };
		23E21F261BFA9D5B003E003F /* svsfnt.h */ = {isa = PBXFileReference; fileEncoding = 4; lastKnownFileType = sourcecode.c.h; path = svsfnt.h; sourceTree = "<group>"; };
		23E21F271BFA9D5B003E003F /* svttcmap.h */ = {isa = PBXFileReference; fileEncoding = 4; lastKnownFileType = sourcecode.c.h; path = svttcmap.h; sourceTree = "<group>"; };
		23E21F281BFA9D5B003E003F /* svtteng.h */ = {isa = PBXFileReference; fileEncoding = 4; lastKnownFileType = sourcecode.c.h; path = svtteng.h; sourceTree = "<group>"; };
		23E21F291BFA9D5B003E003F /* svttglyf.h */ = {isa = PBXFileReference; fileEncoding = 4; lastKnownFileType = sourcecode.c.h; path = svttglyf.h; sourceTree = "<group>"; };
		23E21F2A1BFA9D5B003E003F /* svwinfnt.h */ = {isa = PBXFileReference; fileEncoding = 4; lastKnownFileType = sourcecode.c.h; path = svwinfnt.h; sourceTree = "<group>"; };
		23E21F2B1BFA9D5B003E003F /* svxf86nm.h */ = {isa = PBXFileReference; fileEncoding = 4; lastKnownFileType = sourcecode.c.h; path = svxf86nm.h; sourceTree = "<group>"; };
		23E21F2C1BFA9D5B003E003F /* sfnt.h */ = {isa = PBXFileReference; fileEncoding = 4; lastKnownFileType = sourcecode.c.h; path = sfnt.h; sourceTree = "<group>"; };
		23E21F2D1BFA9D5B003E003F /* t1types.h */ = {isa = PBXFileReference; fileEncoding = 4; lastKnownFileType = sourcecode.c.h; path = t1types.h; sourceTree = "<group>"; };
		23E21F2E1BFA9D5B003E003F /* tttypes.h */ = {isa = PBXFileReference; fileEncoding = 4; lastKnownFileType = sourcecode.c.h; path = tttypes.h; sourceTree = "<group>"; };
		23E21F2F1BFA9D5B003E003F /* t1tables.h */ = {isa = PBXFileReference; fileEncoding = 4; lastKnownFileType = sourcecode.c.h; path = t1tables.h; sourceTree = "<group>"; };
		23E21F301BFA9D5B003E003F /* ttnameid.h */ = {isa = PBXFileReference; fileEncoding = 4; lastKnownFileType = sourcecode.c.h; path = ttnameid.h; sourceTree = "<group>"; };
		23E21F311BFA9D5B003E003F /* tttables.h */ = {isa = PBXFileReference; fileEncoding = 4; lastKnownFileType = sourcecode.c.h; path = tttables.h; sourceTree = "<group>"; };
		23E21F321BFA9D5B003E003F /* tttags.h */ = {isa = PBXFileReference; fileEncoding = 4; lastKnownFileType = sourcecode.c.h; path = tttags.h; sourceTree = "<group>"; };
		23E21F331BFA9D5B003E003F /* ttunpat.h */ = {isa = PBXFileReference; fileEncoding = 4; lastKnownFileType = sourcecode.c.h; path = ttunpat.h; sourceTree = "<group>"; };
		23E21F341BFA9E68003E003F /* jni.h */ = {isa = PBXFileReference; fileEncoding = 4; lastKnownFileType = sourcecode.c.h; name = jni.h; path = ../../../../../../../../../../../Library/Java/JavaVirtualMachines/jdk1.7.0_79.jdk/Contents/Home/include/jni.h; sourceTree = "<group>"; };
/* End PBXFileReference section */

/* Begin PBXFrameworksBuildPhase section */
		20EDDDD21BF1188E00B1580B /* Frameworks */ = {
			isa = PBXFrameworksBuildPhase;
			buildActionMask = 2147483647;
			files = (
				20BADFBE1BF2964A001EFE58 /* OpenGLES.framework in Frameworks */,
			);
			runOnlyForDeploymentPostprocessing = 0;
		};
/* End PBXFrameworksBuildPhase section */

/* Begin PBXGroup section */
		20EDDDCC1BF1188E00B1580B = {
			isa = PBXGroup;
			children = (
				20BADFBD1BF2964A001EFE58 /* OpenGLES.framework */,
				20EDDDD71BF1188E00B1580B /* libGameEngineCPlugins */,
				20EDDDD61BF1188E00B1580B /* Products */,
			);
			sourceTree = "<group>";
		};
		20EDDDD61BF1188E00B1580B /* Products */ = {
			isa = PBXGroup;
			children = (
				20EDDDD51BF1188E00B1580B /* libGameEngineCPlugins.a */,
			);
			name = Products;
			sourceTree = "<group>";
		};
		20EDDDD71BF1188E00B1580B /* libGameEngineCPlugins */ = {
			isa = PBXGroup;
			children = (
				23E21ED81BFA9D5B003E003F /* include */,
				20EDDE301BF131AA00B1580B /* config */,
				20EDDE311BF131AA00B1580B /* internal */,
				20EDDE011BF130A500B1580B /* jni_md.h */,
				23E21F341BFA9E68003E003F /* jni.h */,
				20EDDDE11BF118CF00B1580B /* BufferUtils.cpp */,
				20EDDDE21BF118CF00B1580B /* BufferUtils.h */,
				20EDDDE31BF118CF00B1580B /* Font.c */,
				20EDDDE41BF118CF00B1580B /* Font.h */,
				20EDDDE51BF118CF00B1580B /* gdx2d.c */,
				20EDDDE61BF118CF00B1580B /* gdx2d.h */,
				20EDDDEA1BF118CF00B1580B /* IOSGraphics.cpp */,
				20EDDDEB1BF118CF00B1580B /* IOSGraphics.h */,
				20EDDDEC1BF118CF00B1580B /* jpgd_c.cpp */,
				20EDDDED1BF118CF00B1580B /* jpgd_c.h */,
				20EDDDEE1BF118CF00B1580B /* jpgd.cpp */,
				20EDDDEF1BF118CF00B1580B /* jpgd.h */,
				20EDDDF11BF118CF00B1580B /* Matrix4.cpp */,
				20EDDDF21BF118CF00B1580B /* Matrix4.h */,
				20EDDDF31BF118CF00B1580B /* PixelMap.cpp */,
				20EDDDF41BF118CF00B1580B /* PixelMap.h */,
				20EDDDF51BF118CF00B1580B /* stb_image.h */,
				20EDDDF61BF118CF00B1580B /* TestGdx2DPixmap.h */,
				20EDDDF71BF118CF00B1580B /* TestPixmap.h */,
			);
			path = libGameEngineCPlugins;
			sourceTree = "<group>";
		};
		23E21ED81BFA9D5B003E003F /* include */ = {
			isa = PBXGroup;
			children = (
				23E21ED91BFA9D5B003E003F /* config */,
				23E21EDF1BFA9D5B003E003F /* freetype.h */,
				23E21EE01BFA9D5B003E003F /* ft2build.h */,
				23E21EE11BFA9D5B003E003F /* ftadvanc.h */,
				23E21EE21BFA9D5B003E003F /* ftautoh.h */,
				23E21EE31BFA9D5B003E003F /* ftbbox.h */,
				23E21EE41BFA9D5B003E003F /* ftbdf.h */,
				23E21EE51BFA9D5B003E003F /* ftbitmap.h */,
				23E21EE61BFA9D5B003E003F /* ftbzip2.h */,
				23E21EE71BFA9D5B003E003F /* ftcache.h */,
				23E21EE81BFA9D5B003E003F /* ftcffdrv.h */,
				23E21EE91BFA9D5B003E003F /* ftchapters.h */,
				23E21EEA1BFA9D5B003E003F /* ftcid.h */,
				23E21EEB1BFA9D5B003E003F /* fterrdef.h */,
				23E21EEC1BFA9D5B003E003F /* fterrors.h */,
				23E21EED1BFA9D5B003E003F /* ftgasp.h */,
				23E21EEE1BFA9D5B003E003F /* ftglyph.h */,
				23E21EEF1BFA9D5B003E003F /* ftgxval.h */,
				23E21EF01BFA9D5B003E003F /* ftgzip.h */,
				23E21EF11BFA9D5B003E003F /* ftimage.h */,
				23E21EF21BFA9D5B003E003F /* ftincrem.h */,
				23E21EF31BFA9D5B003E003F /* ftlcdfil.h */,
				23E21EF41BFA9D5B003E003F /* ftlist.h */,
				23E21EF51BFA9D5B003E003F /* ftlzw.h */,
				23E21EF61BFA9D5B003E003F /* ftmac.h */,
				23E21EF71BFA9D5B003E003F /* ftmm.h */,
				23E21EF81BFA9D5B003E003F /* ftmodapi.h */,
				23E21EF91BFA9D5B003E003F /* ftmoderr.h */,
				23E21EFA1BFA9D5B003E003F /* ftotval.h */,
				23E21EFB1BFA9D5B003E003F /* ftoutln.h */,
				23E21EFC1BFA9D5B003E003F /* ftpfr.h */,
				23E21EFD1BFA9D5B003E003F /* ftrender.h */,
				23E21EFE1BFA9D5B003E003F /* ftsizes.h */,
				23E21EFF1BFA9D5B003E003F /* ftsnames.h */,
				23E21F001BFA9D5B003E003F /* ftstroke.h */,
				23E21F011BFA9D5B003E003F /* ftsynth.h */,
				23E21F021BFA9D5B003E003F /* ftsystem.h */,
				23E21F031BFA9D5B003E003F /* fttrigon.h */,
				23E21F041BFA9D5B003E003F /* ftttdrv.h */,
				23E21F051BFA9D5B003E003F /* fttypes.h */,
				23E21F061BFA9D5B003E003F /* ftwinfnt.h */,
				23E21F071BFA9D5B003E003F /* ftxf86.h */,
				23E21F081BFA9D5B003E003F /* internal */,
				23E21F2F1BFA9D5B003E003F /* t1tables.h */,
				23E21F301BFA9D5B003E003F /* ttnameid.h */,
				23E21F311BFA9D5B003E003F /* tttables.h */,
				23E21F321BFA9D5B003E003F /* tttags.h */,
				23E21F331BFA9D5B003E003F /* ttunpat.h */,
			);
			name = include;
			path = "../../../freetype-2.5.5/include";
			sourceTree = "<group>";
		};
		23E21ED91BFA9D5B003E003F /* config */ = {
			isa = PBXGroup;
			children = (
				23E21EDA1BFA9D5B003E003F /* ftconfig.h */,
				23E21EDB1BFA9D5B003E003F /* ftheader.h */,
				23E21EDC1BFA9D5B003E003F /* ftmodule.h */,
				23E21EDD1BFA9D5B003E003F /* ftoption.h */,
				23E21EDE1BFA9D5B003E003F /* ftstdlib.h */,
			);
			path = config;
			sourceTree = "<group>";
		};
		23E21F081BFA9D5B003E003F /* internal */ = {
			isa = PBXGroup;
			children = (
				23E21F091BFA9D5B003E003F /* autohint.h */,
				23E21F0A1BFA9D5B003E003F /* ftcalc.h */,
				23E21F0B1BFA9D5B003E003F /* ftdebug.h */,
				23E21F0C1BFA9D5B003E003F /* ftdriver.h */,
				23E21F0D1BFA9D5B003E003F /* ftgloadr.h */,
				23E21F0E1BFA9D5B003E003F /* ftmemory.h */,
				23E21F0F1BFA9D5B003E003F /* ftobjs.h */,
				23E21F101BFA9D5B003E003F /* ftpic.h */,
				23E21F111BFA9D5B003E003F /* ftrfork.h */,
				23E21F121BFA9D5B003E003F /* ftserv.h */,
				23E21F131BFA9D5B003E003F /* ftstream.h */,
				23E21F141BFA9D5B003E003F /* fttrace.h */,
				23E21F151BFA9D5B003E003F /* ftvalid.h */,
				23E21F161BFA9D5B003E003F /* internal.h */,
				23E21F171BFA9D5B003E003F /* psaux.h */,
				23E21F181BFA9D5B003E003F /* pshints.h */,
				23E21F191BFA9D5B003E003F /* services */,
				23E21F2C1BFA9D5B003E003F /* sfnt.h */,
				23E21F2D1BFA9D5B003E003F /* t1types.h */,
				23E21F2E1BFA9D5B003E003F /* tttypes.h */,
			);
			path = internal;
			sourceTree = "<group>";
		};
		23E21F191BFA9D5B003E003F /* services */ = {
			isa = PBXGroup;
			children = (
				23E21F1A1BFA9D5B003E003F /* svbdf.h */,
				23E21F1B1BFA9D5B003E003F /* svcid.h */,
				23E21F1C1BFA9D5B003E003F /* svgldict.h */,
				23E21F1D1BFA9D5B003E003F /* svgxval.h */,
				23E21F1E1BFA9D5B003E003F /* svkern.h */,
				23E21F1F1BFA9D5B003E003F /* svmm.h */,
				23E21F201BFA9D5B003E003F /* svotval.h */,
				23E21F211BFA9D5B003E003F /* svpfr.h */,
				23E21F221BFA9D5B003E003F /* svpostnm.h */,
				23E21F231BFA9D5B003E003F /* svprop.h */,
				23E21F241BFA9D5B003E003F /* svpscmap.h */,
				23E21F251BFA9D5B003E003F /* svpsinfo.h */,
				23E21F261BFA9D5B003E003F /* svsfnt.h */,
				23E21F271BFA9D5B003E003F /* svttcmap.h */,
				23E21F281BFA9D5B003E003F /* svtteng.h */,
				23E21F291BFA9D5B003E003F /* svttglyf.h */,
				23E21F2A1BFA9D5B003E003F /* svwinfnt.h */,
				23E21F2B1BFA9D5B003E003F /* svxf86nm.h */,
			);
			path = services;
			sourceTree = "<group>";
		};
/* End PBXGroup section */

/* Begin PBXNativeTarget section */
		20EDDDD41BF1188E00B1580B /* libGameEngineCPlugins */ = {
			isa = PBXNativeTarget;
			buildConfigurationList = 20EDDDDE1BF1188E00B1580B /* Build configuration list for PBXNativeTarget "libGameEngineCPlugins" */;
			buildPhases = (
				20EDDDD11BF1188E00B1580B /* Sources */,
				20EDDDD21BF1188E00B1580B /* Frameworks */,
				20EDDDD31BF1188E00B1580B /* CopyFiles */,
			);
			buildRules = (
			);
			dependencies = (
			);
			name = libGameEngineCPlugins;
			productName = libGameEngineCPlugins;
			productReference = 20EDDDD51BF1188E00B1580B /* libGameEngineCPlugins.a */;
			productType = "com.apple.product-type.library.static";
		};
/* End PBXNativeTarget section */

/* Begin PBXProject section */
		20EDDDCD1BF1188E00B1580B /* Project object */ = {
			isa = PBXProject;
			attributes = {
				LastUpgradeCheck = 0710;
				ORGANIZATIONNAME = "Evan Pierzina";
				TargetAttributes = {
					20EDDDD41BF1188E00B1580B = {
						CreatedOnToolsVersion = 7.1;
					};
				};
			};
			buildConfigurationList = 20EDDDD01BF1188E00B1580B /* Build configuration list for PBXProject "libGameEngineCPlugins" */;
			compatibilityVersion = "Xcode 3.2";
			developmentRegion = English;
			hasScannedForEncodings = 0;
			knownRegions = (
				en,
			);
			mainGroup = 20EDDDCC1BF1188E00B1580B;
			productRefGroup = 20EDDDD61BF1188E00B1580B /* Products */;
			projectDirPath = "";
			projectRoot = "";
			targets = (
				20EDDDD41BF1188E00B1580B /* libGameEngineCPlugins */,
			);
		};
/* End PBXProject section */

/* Begin PBXSourcesBuildPhase section */
		20EDDDD11BF1188E00B1580B /* Sources */ = {
			isa = PBXSourcesBuildPhase;
			buildActionMask = 2147483647;
			files = (
				20EDDDFD1BF118CF00B1580B /* jpgd.cpp in Sources */,
				20EDDDFA1BF118CF00B1580B /* gdx2d.c in Sources */,
				20EDDDFB1BF118CF00B1580B /* IOSGraphics.cpp in Sources */,
				20EDDDF81BF118CF00B1580B /* BufferUtils.cpp in Sources */,
				20EDDDFE1BF118CF00B1580B /* Matrix4.cpp in Sources */,
				20EDDDFC1BF118CF00B1580B /* jpgd_c.cpp in Sources */,
				20EDDDFF1BF118CF00B1580B /* PixelMap.cpp in Sources */,
				20EDDDF91BF118CF00B1580B /* Font.c in Sources */,
			);
			runOnlyForDeploymentPostprocessing = 0;
		};
/* End PBXSourcesBuildPhase section */

/* Begin XCBuildConfiguration section */
		20EDDDDC1BF1188E00B1580B /* Debug */ = {
			isa = XCBuildConfiguration;
			buildSettings = {
				ALWAYS_SEARCH_USER_PATHS = NO;
				CLANG_CXX_LANGUAGE_STANDARD = "gnu++0x";
				CLANG_CXX_LIBRARY = "libc++";
				CLANG_ENABLE_MODULES = YES;
				CLANG_ENABLE_OBJC_ARC = YES;
				CLANG_WARN_BOOL_CONVERSION = YES;
				CLANG_WARN_CONSTANT_CONVERSION = YES;
				CLANG_WARN_DIRECT_OBJC_ISA_USAGE = YES_ERROR;
				CLANG_WARN_EMPTY_BODY = YES;
				CLANG_WARN_ENUM_CONVERSION = YES;
				CLANG_WARN_INT_CONVERSION = YES;
				CLANG_WARN_OBJC_ROOT_CLASS = YES_ERROR;
				CLANG_WARN_UNREACHABLE_CODE = YES;
				CLANG_WARN__DUPLICATE_METHOD_MATCH = YES;
				"CODE_SIGN_IDENTITY[sdk=iphoneos*]" = "iPhone Developer";
				COPY_PHASE_STRIP = NO;
				DEBUG_INFORMATION_FORMAT = dwarf;
				ENABLE_STRICT_OBJC_MSGSEND = YES;
				ENABLE_TESTABILITY = YES;
				GCC_C_LANGUAGE_STANDARD = gnu99;
				GCC_DYNAMIC_NO_PIC = NO;
				GCC_NO_COMMON_BLOCKS = YES;
				GCC_OPTIMIZATION_LEVEL = 0;
				GCC_PREPROCESSOR_DEFINITIONS = (
					"DEBUG=1",
					"$(inherited)",
				);
				GCC_WARN_64_TO_32_BIT_CONVERSION = YES;
				GCC_WARN_ABOUT_RETURN_TYPE = YES_ERROR;
				GCC_WARN_UNDECLARED_SELECTOR = YES;
				GCC_WARN_UNINITIALIZED_AUTOS = YES_AGGRESSIVE;
				GCC_WARN_UNUSED_FUNCTION = YES;
				GCC_WARN_UNUSED_VARIABLE = YES;
				IPHONEOS_DEPLOYMENT_TARGET = 9.1;
				MTL_ENABLE_DEBUG_INFO = YES;
				ONLY_ACTIVE_ARCH = YES;
				SDKROOT = iphoneos;
			};
			name = Debug;
		};
		20EDDDDD1BF1188E00B1580B /* Release */ = {
			isa = XCBuildConfiguration;
			buildSettings = {
				ALWAYS_SEARCH_USER_PATHS = NO;
				CLANG_CXX_LANGUAGE_STANDARD = "gnu++0x";
				CLANG_CXX_LIBRARY = "libc++";
				CLANG_ENABLE_MODULES = YES;
				CLANG_ENABLE_OBJC_ARC = YES;
				CLANG_WARN_BOOL_CONVERSION = YES;
				CLANG_WARN_CONSTANT_CONVERSION = YES;
				CLANG_WARN_DIRECT_OBJC_ISA_USAGE = YES_ERROR;
				CLANG_WARN_EMPTY_BODY = YES;
				CLANG_WARN_ENUM_CONVERSION = YES;
				CLANG_WARN_INT_CONVERSION = YES;
				CLANG_WARN_OBJC_ROOT_CLASS = YES_ERROR;
				CLANG_WARN_UNREACHABLE_CODE = YES;
				CLANG_WARN__DUPLICATE_METHOD_MATCH = YES;
				"CODE_SIGN_IDENTITY[sdk=iphoneos*]" = "iPhone Developer";
				COPY_PHASE_STRIP = NO;
				DEBUG_INFORMATION_FORMAT = "dwarf-with-dsym";
				ENABLE_NS_ASSERTIONS = NO;
				ENABLE_STRICT_OBJC_MSGSEND = YES;
				GCC_C_LANGUAGE_STANDARD = gnu99;
				GCC_NO_COMMON_BLOCKS = YES;
				GCC_WARN_64_TO_32_BIT_CONVERSION = YES;
				GCC_WARN_ABOUT_RETURN_TYPE = YES_ERROR;
				GCC_WARN_UNDECLARED_SELECTOR = YES;
				GCC_WARN_UNINITIALIZED_AUTOS = YES_AGGRESSIVE;
				GCC_WARN_UNUSED_FUNCTION = YES;
				GCC_WARN_UNUSED_VARIABLE = YES;
				IPHONEOS_DEPLOYMENT_TARGET = 9.1;
				MTL_ENABLE_DEBUG_INFO = NO;
				SDKROOT = iphoneos;
				VALIDATE_PRODUCT = YES;
			};
			name = Release;
		};
		20EDDDDF1BF1188E00B1580B /* Debug */ = {
			isa = XCBuildConfiguration;
			buildSettings = {
				EXECUTABLE_PREFIX = "";
				IPHONEOS_DEPLOYMENT_TARGET = 8.1;
				ONLY_ACTIVE_ARCH = NO;
				OTHER_LDFLAGS = "-ObjC";
				PRODUCT_NAME = "$(TARGET_NAME)";
				SKIP_INSTALL = YES;
			};
			name = Debug;
		};
		20EDDDE01BF1188E00B1580B /* Release */ = {
			isa = XCBuildConfiguration;
			buildSettings = {
				EXECUTABLE_PREFIX = "";
				IPHONEOS_DEPLOYMENT_TARGET = 8.1;
				OTHER_LDFLAGS = "-ObjC";
				PRODUCT_NAME = "$(TARGET_NAME)";
				SKIP_INSTALL = YES;
			};
			name = Release;
		};
/* End XCBuildConfiguration section */

/* Begin XCConfigurationList section */
		20EDDDD01BF1188E00B1580B /* Build configuration list for PBXProject "libGameEngineCPlugins" */ = {
			isa = XCConfigurationList;
			buildConfigurations = (
				20EDDDDC1BF1188E00B1580B /* Debug */,
				20EDDDDD1BF1188E00B1580B /* Release */,
			);
			defaultConfigurationIsVisible = 0;
			defaultConfigurationName = Release;
		};
		20EDDDDE1BF1188E00B1580B /* Build configuration list for PBXNativeTarget "libGameEngineCPlugins" */ = {
			isa = XCConfigurationList;
			buildConfigurations = (
				20EDDDDF1BF1188E00B1580B /* Debug */,
				20EDDDE01BF1188E00B1580B /* Release */,
			);
			defaultConfigurationIsVisible = 0;
			defaultConfigurationName = Release;
		};
/* End XCConfigurationList section */
	};
	rootObject = 20EDDDCD1BF1188E00B1580B /* Project object */;
}
