<?xml version="1.0" encoding="utf-8"?>
<Project ToolsVersion="4.0" xmlns="http://schemas.microsoft.com/developer/msbuild/2003">
  <ItemGroup>
    <Filter Include="Source Files">
      <UniqueIdentifier>{4FC737F1-C7A5-4376-A066-2A32D752A2FF}</UniqueIdentifier>
      <Extensions>cpp;c;cc;cxx;def;odl;idl;hpj;bat;asm;asmx</Extensions>
    </Filter>
    <Filter Include="Header Files">
      <UniqueIdentifier>{93995380-89BD-4b04-88EB-625FBE52EBFB}</UniqueIdentifier>
      <Extensions>h;hh;hpp;hxx;hm;inl;inc;xsd</Extensions>
    </Filter>
    <Filter Include="Resource Files">
      <UniqueIdentifier>{67DA6AB6-F800-4c08-8B7A-83BB121AAD01}</UniqueIdentifier>
      <Extensions>rc;ico;cur;bmp;dlg;rc2;rct;bin;rgs;gif;jpg;jpeg;jpe;resx;tiff;tif;png;wav;mfcribbon-ms</Extensions>
    </Filter>
    <Filter Include="Header Files\Button">
      <UniqueIdentifier>{cea2865c-047d-434d-a629-1934b9c0f7d5}</UniqueIdentifier>
    </Filter>
    <Filter Include="Header Files\TextBox">
      <UniqueIdentifier>{073fcc97-f844-4000-b374-c8e1e5e9ebd2}</UniqueIdentifier>
    </Filter>
    <Filter Include="Source Files\Button">
      <UniqueIdentifier>{e794990b-a18b-4f6b-afd1-41792f2cbae3}</UniqueIdentifier>
    </Filter>
    <Filter Include="Source Files\TextBox">
      <UniqueIdentifier>{1231d1f3-a212-49d1-8bd9-da99b8e5beed}</UniqueIdentifier>
    </Filter>
    <Filter Include="Header Files\Tree">
      <UniqueIdentifier>{3e51fcd5-d2a9-4329-883d-49c6425cb2a1}</UniqueIdentifier>
    </Filter>
    <Filter Include="Header Files\Menu">
      <UniqueIdentifier>{64d93ed0-805a-437a-aefd-48e8e7ceabcf}</UniqueIdentifier>
    </Filter>
    <Filter Include="Source Files\Tree">
      <UniqueIdentifier>{ba7571d8-504e-48ea-b6ae-0338bb8ab8e9}</UniqueIdentifier>
    </Filter>
    <Filter Include="Source Files\Menu">
      <UniqueIdentifier>{ce6ba081-8080-47a1-aa66-42c199a65b1b}</UniqueIdentifier>
    </Filter>
    <Filter Include="Header Files\TextField">
      <UniqueIdentifier>{712fdf85-9cb7-4e6e-9512-6c98b89eb23f}</UniqueIdentifier>
    </Filter>
    <Filter Include="Source Files\TextField">
      <UniqueIdentifier>{c574adf9-9b85-49c4-bd44-2e54249b39e2}</UniqueIdentifier>
    </Filter>
    <Filter Include="Header Files\Tabs">
      <UniqueIdentifier>{6d4f9347-c27b-4db8-b9e1-ce29ca2d32b8}</UniqueIdentifier>
    </Filter>
    <Filter Include="Source Files\Tabs">
      <UniqueIdentifier>{d771bc01-99ec-484e-bde2-699b45cb4acf}</UniqueIdentifier>
    </Filter>
    <Filter Include="Header Files\ToolBar">
      <UniqueIdentifier>{aad191f4-5e19-4edd-b77d-6389ba74087b}</UniqueIdentifier>
    </Filter>
    <Filter Include="Source Files\ToolBar">
      <UniqueIdentifier>{c1a8d961-5be5-4c99-a807-cb460ad146a2}</UniqueIdentifier>
    </Filter>
    <Filter Include="Source Files\Dialog">
      <UniqueIdentifier>{f8797bcf-cd0f-4a31-bcb9-99f760ca6b66}</UniqueIdentifier>
    </Filter>
    <Filter Include="Header Files\Dialog">
      <UniqueIdentifier>{200a8b8f-aa81-4a9b-b2d6-3af2440c5585}</UniqueIdentifier>
    </Filter>
    <Filter Include="Header Files\List">
      <UniqueIdentifier>{488a55e8-54be-4b8f-be14-b766124a90a2}</UniqueIdentifier>
    </Filter>
    <Filter Include="Source Files\List">
      <UniqueIdentifier>{3dca5c66-c402-41ff-97a9-88971fc20cf2}</UniqueIdentifier>
    </Filter>
    <Filter Include="Header Files\Spreadsheet">
      <UniqueIdentifier>{7fd6c3d6-58f5-40bd-94d9-488905117313}</UniqueIdentifier>
    </Filter>
    <Filter Include="Header Files\TreeTable">
      <UniqueIdentifier>{8d0ca6df-c643-45e6-b3a0-11bb54c190f8}</UniqueIdentifier>
    </Filter>
    <Filter Include="Header Files\Cell">
      <UniqueIdentifier>{104976b7-effa-4e34-b67a-d54cbf509afa}</UniqueIdentifier>
    </Filter>
    <Filter Include="Source Files\Cell">
      <UniqueIdentifier>{f6bc0ace-4409-4705-a88b-4aba609f4686}</UniqueIdentifier>
    </Filter>
    <Filter Include="Source Files\Spreadsheet">
      <UniqueIdentifier>{838bc9f4-6e00-4962-87d1-04c447a9ccbc}</UniqueIdentifier>
    </Filter>
    <Filter Include="Source Files\TreeTable">
      <UniqueIdentifier>{ba535f6f-e18c-40f0-8c6f-edc3d4063555}</UniqueIdentifier>
    </Filter>
  </ItemGroup>
  <ItemGroup>
    <ClCompile Include="IQuorumAccessibility.cpp">
      <Filter>Source Files</Filter>
    </ClCompile>
    <ClCompile Include="Item.cpp">
      <Filter>Source Files</Filter>
    </ClCompile>
    <ClCompile Include="ItemProvider.cpp">
      <Filter>Source Files</Filter>
    </ClCompile>
    <ClCompile Include="RadioButtonControl.cpp">
      <Filter>Source Files\Button</Filter>
    </ClCompile>
    <ClCompile Include="RadioButtonProvider.cpp">
      <Filter>Source Files\Button</Filter>
    </ClCompile>
    <ClCompile Include="TextBoxTextRange.cpp">
      <Filter>Source Files\TextBox</Filter>
    </ClCompile>
    <ClCompile Include="TextBoxControl.cpp">
      <Filter>Source Files\TextBox</Filter>
    </ClCompile>
    <ClCompile Include="TextBoxProvider.cpp">
      <Filter>Source Files\TextBox</Filter>
    </ClCompile>
    <ClCompile Include="ButtonControl.cpp">
      <Filter>Source Files\Button</Filter>
    </ClCompile>
    <ClCompile Include="ButtonProvider.cpp">
      <Filter>Source Files\Button</Filter>
    </ClCompile>
    <ClCompile Include="CheckBoxControl.cpp">
      <Filter>Source Files\Button</Filter>
    </ClCompile>
    <ClCompile Include="CheckBoxProvider.cpp">
      <Filter>Source Files\Button</Filter>
    </ClCompile>
    <ClCompile Include="ItemControl.cpp">
      <Filter>Source Files</Filter>
    </ClCompile>
    <ClCompile Include="Menu.cpp">
      <Filter>Source Files\Menu</Filter>
    </ClCompile>
    <ClCompile Include="MenuBarControl.cpp">
      <Filter>Source Files\Menu</Filter>
    </ClCompile>
    <ClCompile Include="MenuBarProvider.cpp">
      <Filter>Source Files\Menu</Filter>
    </ClCompile>
    <ClCompile Include="MenuItemControl.cpp">
      <Filter>Source Files\Menu</Filter>
    </ClCompile>
    <ClCompile Include="MenuItemProvider.cpp">
      <Filter>Source Files\Menu</Filter>
    </ClCompile>
    <ClCompile Include="Subtree.cpp">
      <Filter>Source Files\Tree</Filter>
    </ClCompile>
    <ClCompile Include="TreeControl.cpp">
      <Filter>Source Files\Tree</Filter>
    </ClCompile>
    <ClCompile Include="TreeItemControl.cpp">
      <Filter>Source Files\Tree</Filter>
    </ClCompile>
    <ClCompile Include="TreeItemProvider.cpp">
      <Filter>Source Files\Tree</Filter>
    </ClCompile>
    <ClCompile Include="TreeProvider.cpp">
      <Filter>Source Files\Tree</Filter>
    </ClCompile>
    <ClCompile Include="Resources.cpp">
      <Filter>Resource Files</Filter>
    </ClCompile>
    <ClCompile Include="TextFieldControl.cpp">
      <Filter>Source Files\TextField</Filter>
    </ClCompile>
    <ClCompile Include="TextFieldProvider.cpp">
      <Filter>Source Files\TextField</Filter>
    </ClCompile>
    <ClCompile Include="TextFieldTextRange.cpp">
      <Filter>Source Files\TextField</Filter>
    </ClCompile>
    <ClCompile Include="TabPaneControl.cpp">
      <Filter>Source Files\Tabs</Filter>
    </ClCompile>
    <ClCompile Include="TabPaneProvider.cpp">
      <Filter>Source Files\Tabs</Filter>
    </ClCompile>
    <ClCompile Include="TabControl.cpp">
      <Filter>Source Files\Tabs</Filter>
    </ClCompile>
    <ClCompile Include="TabProvider.cpp">
      <Filter>Source Files\Tabs</Filter>
    </ClCompile>
    <ClCompile Include="ToolBarControl.cpp">
      <Filter>Source Files\ToolBar</Filter>
    </ClCompile>
    <ClCompile Include="ToolBarProvider.cpp">
      <Filter>Source Files\ToolBar</Filter>
    </ClCompile>
    <ClCompile Include="DialogControl.cpp">
      <Filter>Source Files\Dialog</Filter>
    </ClCompile>
    <ClCompile Include="DialogProvider.cpp">
      <Filter>Source Files\Dialog</Filter>
    </ClCompile>
    <ClCompile Include="ListControl.cpp">
      <Filter>Source Files\List</Filter>
    </ClCompile>
    <ClCompile Include="ListItemControl.cpp">
      <Filter>Source Files\List</Filter>
    </ClCompile>
    <ClCompile Include="ListProvider.cpp">
      <Filter>Source Files\List</Filter>
    </ClCompile>
    <ClCompile Include="ListItemProvider.cpp">
      <Filter>Source Files\List</Filter>
    </ClCompile>
    <ClCompile Include="CellControl.cpp">
      <Filter>Source Files\Cell</Filter>
    </ClCompile>
    <ClCompile Include="CellProvider.cpp">
      <Filter>Source Files\Cell</Filter>
    </ClCompile>
    <ClCompile Include="TreeTableControl.cpp">
      <Filter>Source Files\TreeTable</Filter>
    </ClCompile>
    <ClCompile Include="TreeTableProvider.cpp">
      <Filter>Source Files\TreeTable</Filter>
    </ClCompile>
    <ClCompile Include="SpreadsheetControl.cpp">
      <Filter>Source Files\Spreadsheet</Filter>
    </ClCompile>
    <ClCompile Include="SpreadsheetProvider.cpp">
      <Filter>Source Files\Spreadsheet</Filter>
    </ClCompile>
  </ItemGroup>
  <ItemGroup>
    <ClInclude Include="CustomMessages.h">
      <Filter>Header Files</Filter>
    </ClInclude>
    <ClInclude Include="Item.h">
      <Filter>Header Files</Filter>
    </ClInclude>
    <ClInclude Include="ItemProvider.h">
      <Filter>Header Files</Filter>
    </ClInclude>
    <ClInclude Include="RadioButtonControl.h">
      <Filter>Header Files\Button</Filter>
    </ClInclude>
    <ClInclude Include="RadioButtonProvider.h">
      <Filter>Header Files\Button</Filter>
    </ClInclude>
    <ClInclude Include="TextBoxTextRange.h">
      <Filter>Header Files\TextBox</Filter>
    </ClInclude>
    <ClInclude Include="TextBoxControl.h">
      <Filter>Header Files\TextBox</Filter>
    </ClInclude>
    <ClInclude Include="TextBoxProvider.h">
      <Filter>Header Files\TextBox</Filter>
    </ClInclude>
    <ClInclude Include="CheckBoxControl.h">
      <Filter>Header Files\Button</Filter>
    </ClInclude>
    <ClInclude Include="CheckBoxProvider.h">
      <Filter>Header Files\Button</Filter>
    </ClInclude>
    <ClInclude Include="ButtonControl.h">
      <Filter>Header Files\Button</Filter>
    </ClInclude>
    <ClInclude Include="ButtonProvider.h">
      <Filter>Header Files\Button</Filter>
    </ClInclude>
    <ClInclude Include="MenuBarControl.h">
      <Filter>Header Files\Menu</Filter>
    </ClInclude>
    <ClInclude Include="MenuBarProvider.h">
      <Filter>Header Files\Menu</Filter>
    </ClInclude>
    <ClInclude Include="MenuItemControl.h">
      <Filter>Header Files\Menu</Filter>
    </ClInclude>
    <ClInclude Include="MenuItemProvider.h">
      <Filter>Header Files\Menu</Filter>
    </ClInclude>
    <ClInclude Include="Menu.h">
      <Filter>Header Files\Menu</Filter>
    </ClInclude>
    <ClInclude Include="Subtree.h">
      <Filter>Header Files\Tree</Filter>
    </ClInclude>
    <ClInclude Include="TreeControl.h">
      <Filter>Header Files\Tree</Filter>
    </ClInclude>
    <ClInclude Include="TreeItemControl.h">
      <Filter>Header Files\Tree</Filter>
    </ClInclude>
    <ClInclude Include="TreeItemProvider.h">
      <Filter>Header Files\Tree</Filter>
    </ClInclude>
    <ClInclude Include="TreeProvider.h">
      <Filter>Header Files\Tree</Filter>
    </ClInclude>
    <ClInclude Include="ItemControl.h">
      <Filter>Header Files</Filter>
    </ClInclude>
    <ClInclude Include="Resources.h">
      <Filter>Resource Files</Filter>
    </ClInclude>
    <ClInclude Include="TextFieldControl.h">
      <Filter>Header Files\TextField</Filter>
    </ClInclude>
    <ClInclude Include="TextFieldProvider.h">
      <Filter>Header Files\TextField</Filter>
    </ClInclude>
    <ClInclude Include="TextFieldTextRange.h">
      <Filter>Header Files\TextField</Filter>
    </ClInclude>
    <ClInclude Include="TabPaneControl.h">
      <Filter>Header Files\Tabs</Filter>
    </ClInclude>
    <ClInclude Include="TabPaneProvider.h">
      <Filter>Header Files\Tabs</Filter>
    </ClInclude>
    <ClInclude Include="TabControl.h">
      <Filter>Header Files\Tabs</Filter>
    </ClInclude>
    <ClInclude Include="TabProvider.h">
      <Filter>Header Files\Tabs</Filter>
    </ClInclude>
    <ClInclude Include="ToolBarControl.h">
      <Filter>Header Files\ToolBar</Filter>
    </ClInclude>
    <ClInclude Include="ToolBarProvider.h">
      <Filter>Header Files\ToolBar</Filter>
    </ClInclude>
    <ClInclude Include="DialogControl.h">
      <Filter>Header Files\Dialog</Filter>
    </ClInclude>
    <ClInclude Include="DialogProvider.h">
      <Filter>Header Files\Dialog</Filter>
    </ClInclude>
    <ClInclude Include="ListControl.h">
      <Filter>Header Files\List</Filter>
    </ClInclude>
    <ClInclude Include="ListItemControl.h">
      <Filter>Header Files\List</Filter>
    </ClInclude>
    <ClInclude Include="ListProvider.h">
      <Filter>Header Files\List</Filter>
    </ClInclude>
    <ClInclude Include="ListItemProvider.h">
      <Filter>Header Files\List</Filter>
    </ClInclude>
    <ClInclude Include="SpreadsheetControl.h">
      <Filter>Header Files\Spreadsheet</Filter>
    </ClInclude>
    <ClInclude Include="SpreadsheetProvider.h">
      <Filter>Header Files\Spreadsheet</Filter>
    </ClInclude>
    <ClInclude Include="CellControl.h">
      <Filter>Header Files\Cell</Filter>
    </ClInclude>
    <ClInclude Include="CellProvider.h">
      <Filter>Header Files\Cell</Filter>
    </ClInclude>
    <ClInclude Include="TreeTableControl.h">
      <Filter>Header Files\TreeTable</Filter>
    </ClInclude>
    <ClInclude Include="TreeTableProvider.h">
      <Filter>Header Files\TreeTable</Filter>
    </ClInclude>
  </ItemGroup>
</Project>